// !$*UTF8*$!
{
	archiveVersion = 1;
	classes = {
	};
	objectVersion = 50;
	objects = {

/* Begin PBXBuildFile section */
		0D8A3CA329E1A0E300F4E937 /* FolderListViewModelTests.swift in Sources */ = {isa = PBXBuildFile; fileRef = 0D8A3CA229E1A0E300F4E937 /* FolderListViewModelTests.swift */; };
		0D8A3CAA29E1A25800F4E937 /* FolderListCoordinatorMock.swift in Sources */ = {isa = PBXBuildFile; fileRef = 0D8A3CA929E1A25800F4E937 /* FolderListCoordinatorMock.swift */; };
		0D8A3CAD29E1A2E800F4E937 /* Object+CoreData.swift in Sources */ = {isa = PBXBuildFile; fileRef = 0D8A3CAC29E1A2E800F4E937 /* Object+CoreData.swift */; };
		0D8A3CAF29E1A5E200F4E937 /* DataBaseMock.swift in Sources */ = {isa = PBXBuildFile; fileRef = 0D8A3CAE29E1A5E200F4E937 /* DataBaseMock.swift */; };
		0D8A3CB129E1AA5A00F4E937 /* FolderStub.swift in Sources */ = {isa = PBXBuildFile; fileRef = 0D8A3CB029E1AA5A00F4E937 /* FolderStub.swift */; };
		0D8A3CB329E1B40400F4E937 /* FolderDataSource.swift in Sources */ = {isa = PBXBuildFile; fileRef = 0D8A3CB229E1B40400F4E937 /* FolderDataSource.swift */; };
		0D8A3CB529E2EFDE00F4E937 /* DataSource.swift in Sources */ = {isa = PBXBuildFile; fileRef = 0D8A3CB429E2EFDE00F4E937 /* DataSource.swift */; };
		0D8A3CB929E2F25200F4E937 /* NoteDataSource.swift in Sources */ = {isa = PBXBuildFile; fileRef = 0D8A3CB829E2F25200F4E937 /* NoteDataSource.swift */; };
		0D8A3CBB29E3050C00F4E937 /* FolderDataSourceMock.swift in Sources */ = {isa = PBXBuildFile; fileRef = 0D8A3CBA29E3050C00F4E937 /* FolderDataSourceMock.swift */; };
		0D8A3CBD29E3084E00F4E937 /* NoteListViewModelTests.swift in Sources */ = {isa = PBXBuildFile; fileRef = 0D8A3CBC29E3084E00F4E937 /* NoteListViewModelTests.swift */; };
		0D8A3CBF29E308FD00F4E937 /* NoteListCoordinatorMock.swift in Sources */ = {isa = PBXBuildFile; fileRef = 0D8A3CBE29E308FD00F4E937 /* NoteListCoordinatorMock.swift */; };
		0D8A3CC129E30B8E00F4E937 /* NoteStub.swift in Sources */ = {isa = PBXBuildFile; fileRef = 0D8A3CC029E30B8E00F4E937 /* NoteStub.swift */; };
		0D8A3CC329E30DED00F4E937 /* NoteDetailsViewModelTests.swift in Sources */ = {isa = PBXBuildFile; fileRef = 0D8A3CC229E30DED00F4E937 /* NoteDetailsViewModelTests.swift */; };
		0D8A3CC529E3E65300F4E937 /* FolderListCoordinatorTests.swift in Sources */ = {isa = PBXBuildFile; fileRef = 0D8A3CC429E3E65300F4E937 /* FolderListCoordinatorTests.swift */; };
		0D8A3CC729E3E72300F4E937 /* RouterMock.swift in Sources */ = {isa = PBXBuildFile; fileRef = 0D8A3CC629E3E72300F4E937 /* RouterMock.swift */; };
		0D8A3CC929E3EFC100F4E937 /* NoteListCoordinatorTests.swift in Sources */ = {isa = PBXBuildFile; fileRef = 0D8A3CC829E3EFC100F4E937 /* NoteListCoordinatorTests.swift */; };
		0D8A3CCB29E3F3A100F4E937 /* RouterTests.swift in Sources */ = {isa = PBXBuildFile; fileRef = 0D8A3CCA29E3F3A100F4E937 /* RouterTests.swift */; };
		F9311C7E26270EC600D9F82D /* FolderListViewModel.swift in Sources */ = {isa = PBXBuildFile; fileRef = F9311C7D26270EC600D9F82D /* FolderListViewModel.swift */; };
		F9311C8226271A2900D9F82D /* Database.swift in Sources */ = {isa = PBXBuildFile; fileRef = F9311C8126271A2900D9F82D /* Database.swift */; };
		F96A80592628722600008BC9 /* FolderListCoordinator.swift in Sources */ = {isa = PBXBuildFile; fileRef = F96A80582628722600008BC9 /* FolderListCoordinator.swift */; };
		F96A805E26287E4700008BC9 /* NoteListCoordinator.swift in Sources */ = {isa = PBXBuildFile; fileRef = F96A805D26287E4700008BC9 /* NoteListCoordinator.swift */; };
		F96A806126287F2300008BC9 /* NoteListViewModel.swift in Sources */ = {isa = PBXBuildFile; fileRef = F96A806026287F2300008BC9 /* NoteListViewModel.swift */; };
		F9ACD7212625F97500D85000 /* AppDelegate.swift in Sources */ = {isa = PBXBuildFile; fileRef = F9ACD7202625F97500D85000 /* AppDelegate.swift */; };
		F9ACD7232625F97500D85000 /* SceneDelegate.swift in Sources */ = {isa = PBXBuildFile; fileRef = F9ACD7222625F97500D85000 /* SceneDelegate.swift */; };
		F9ACD7282625F97500D85000 /* Main.storyboard in Resources */ = {isa = PBXBuildFile; fileRef = F9ACD7262625F97500D85000 /* Main.storyboard */; };
		F9ACD72B2625F97500D85000 /* Notes.xcdatamodeld in Sources */ = {isa = PBXBuildFile; fileRef = F9ACD7292625F97500D85000 /* Notes.xcdatamodeld */; };
		F9ACD72D2625F97700D85000 /* Assets.xcassets in Resources */ = {isa = PBXBuildFile; fileRef = F9ACD72C2625F97700D85000 /* Assets.xcassets */; };
		F9ACD7302625F97700D85000 /* LaunchScreen.storyboard in Resources */ = {isa = PBXBuildFile; fileRef = F9ACD72E2625F97700D85000 /* LaunchScreen.storyboard */; };
		F9ACD73F2625F9E500D85000 /* FolderViewCell.swift in Sources */ = {isa = PBXBuildFile; fileRef = F9ACD73D2625F9E500D85000 /* FolderViewCell.swift */; };
		F9ACD7402625F9E500D85000 /* FolderViewCell.xib in Resources */ = {isa = PBXBuildFile; fileRef = F9ACD73E2625F9E500D85000 /* FolderViewCell.xib */; };
		F9ACD7492626018E00D85000 /* NoteViewCell.swift in Sources */ = {isa = PBXBuildFile; fileRef = F9ACD7472626018E00D85000 /* NoteViewCell.swift */; };
		F9ACD74A2626018E00D85000 /* NoteViewCell.xib in Resources */ = {isa = PBXBuildFile; fileRef = F9ACD7482626018E00D85000 /* NoteViewCell.xib */; };
		F9ACD7632626D72500D85000 /* FolderListViewController.swift in Sources */ = {isa = PBXBuildFile; fileRef = F9ACD7622626D72500D85000 /* FolderListViewController.swift */; };
		F9B1CBED26286C3B0087FBB3 /* AppCoordinator.swift in Sources */ = {isa = PBXBuildFile; fileRef = F9B1CBEC26286C3B0087FBB3 /* AppCoordinator.swift */; };
		F9B96B59262881680042FE5B /* Extensions.swift in Sources */ = {isa = PBXBuildFile; fileRef = F9B96B58262881680042FE5B /* Extensions.swift */; };
		F9B96B692629898D0042FE5B /* NoteDetailsCoordinator.swift in Sources */ = {isa = PBXBuildFile; fileRef = F9B96B682629898D0042FE5B /* NoteDetailsCoordinator.swift */; };
		F9B96B6C262989FC0042FE5B /* NoteDetailsViewModel.swift in Sources */ = {isa = PBXBuildFile; fileRef = F9B96B6B262989FC0042FE5B /* NoteDetailsViewModel.swift */; };
		F9B96B98262CA10A0042FE5B /* Router.swift in Sources */ = {isa = PBXBuildFile; fileRef = F9B96B97262CA10A0042FE5B /* Router.swift */; };
		F9F91E222626EA1700429C64 /* NoteListViewController.swift in Sources */ = {isa = PBXBuildFile; fileRef = F9F91E212626EA1700429C64 /* NoteListViewController.swift */; };
		F9F91E252626EF6D00429C64 /* NoteDetailsViewController.swift in Sources */ = {isa = PBXBuildFile; fileRef = F9F91E242626EF6D00429C64 /* NoteDetailsViewController.swift */; };
		F9F91E2C2626F4AA00429C64 /* Folder+CoreDataClass.swift in Sources */ = {isa = PBXBuildFile; fileRef = F9F91E282626F4AA00429C64 /* Folder+CoreDataClass.swift */; };
		F9F91E2D2626F4AA00429C64 /* Folder+CoreDataProperties.swift in Sources */ = {isa = PBXBuildFile; fileRef = F9F91E292626F4AA00429C64 /* Folder+CoreDataProperties.swift */; };
		F9F91E2E2626F4AA00429C64 /* Note+CoreDataClass.swift in Sources */ = {isa = PBXBuildFile; fileRef = F9F91E2A2626F4AA00429C64 /* Note+CoreDataClass.swift */; };
		F9F91E2F2626F4AA00429C64 /* Note+CoreDataProperties.swift in Sources */ = {isa = PBXBuildFile; fileRef = F9F91E2B2626F4AA00429C64 /* Note+CoreDataProperties.swift */; };
/* End PBXBuildFile section */

/* Begin PBXContainerItemProxy section */
		0D8A3CA429E1A0E300F4E937 /* PBXContainerItemProxy */ = {
			isa = PBXContainerItemProxy;
			containerPortal = F9ACD7152625F97500D85000 /* Project object */;
			proxyType = 1;
			remoteGlobalIDString = F9ACD71C2625F97500D85000;
			remoteInfo = Notes;
		};
/* End PBXContainerItemProxy section */

/* Begin PBXFileReference section */
		0D8A3CA029E1A0E300F4E937 /* NotesTests.xctest */ = {isa = PBXFileReference; explicitFileType = wrapper.cfbundle; includeInIndex = 0; path = NotesTests.xctest; sourceTree = BUILT_PRODUCTS_DIR; };
		0D8A3CA229E1A0E300F4E937 /* FolderListViewModelTests.swift */ = {isa = PBXFileReference; lastKnownFileType = sourcecode.swift; path = FolderListViewModelTests.swift; sourceTree = "<group>"; };
		0D8A3CA929E1A25800F4E937 /* FolderListCoordinatorMock.swift */ = {isa = PBXFileReference; lastKnownFileType = sourcecode.swift; path = FolderListCoordinatorMock.swift; sourceTree = "<group>"; };
		0D8A3CAC29E1A2E800F4E937 /* Object+CoreData.swift */ = {isa = PBXFileReference; lastKnownFileType = sourcecode.swift; path = "Object+CoreData.swift"; sourceTree = "<group>"; };
		0D8A3CAE29E1A5E200F4E937 /* DataBaseMock.swift */ = {isa = PBXFileReference; lastKnownFileType = sourcecode.swift; path = DataBaseMock.swift; sourceTree = "<group>"; };
		0D8A3CB029E1AA5A00F4E937 /* FolderStub.swift */ = {isa = PBXFileReference; lastKnownFileType = sourcecode.swift; path = FolderStub.swift; sourceTree = "<group>"; };
		0D8A3CB229E1B40400F4E937 /* FolderDataSource.swift */ = {isa = PBXFileReference; lastKnownFileType = sourcecode.swift; path = FolderDataSource.swift; sourceTree = "<group>"; };
		0D8A3CB429E2EFDE00F4E937 /* DataSource.swift */ = {isa = PBXFileReference; lastKnownFileType = sourcecode.swift; path = DataSource.swift; sourceTree = "<group>"; };
		0D8A3CB829E2F25200F4E937 /* NoteDataSource.swift */ = {isa = PBXFileReference; lastKnownFileType = sourcecode.swift; path = NoteDataSource.swift; sourceTree = "<group>"; };
		0D8A3CBA29E3050C00F4E937 /* FolderDataSourceMock.swift */ = {isa = PBXFileReference; lastKnownFileType = sourcecode.swift; path = FolderDataSourceMock.swift; sourceTree = "<group>"; };
		0D8A3CBC29E3084E00F4E937 /* NoteListViewModelTests.swift */ = {isa = PBXFileReference; lastKnownFileType = sourcecode.swift; path = NoteListViewModelTests.swift; sourceTree = "<group>"; };
		0D8A3CBE29E308FD00F4E937 /* NoteListCoordinatorMock.swift */ = {isa = PBXFileReference; lastKnownFileType = sourcecode.swift; path = NoteListCoordinatorMock.swift; sourceTree = "<group>"; };
		0D8A3CC029E30B8E00F4E937 /* NoteStub.swift */ = {isa = PBXFileReference; lastKnownFileType = sourcecode.swift; path = NoteStub.swift; sourceTree = "<group>"; };
		0D8A3CC229E30DED00F4E937 /* NoteDetailsViewModelTests.swift */ = {isa = PBXFileReference; lastKnownFileType = sourcecode.swift; path = NoteDetailsViewModelTests.swift; sourceTree = "<group>"; };
		0D8A3CC429E3E65300F4E937 /* FolderListCoordinatorTests.swift */ = {isa = PBXFileReference; lastKnownFileType = sourcecode.swift; path = FolderListCoordinatorTests.swift; sourceTree = "<group>"; };
		0D8A3CC629E3E72300F4E937 /* RouterMock.swift */ = {isa = PBXFileReference; lastKnownFileType = sourcecode.swift; path = RouterMock.swift; sourceTree = "<group>"; };
		0D8A3CC829E3EFC100F4E937 /* NoteListCoordinatorTests.swift */ = {isa = PBXFileReference; lastKnownFileType = sourcecode.swift; path = NoteListCoordinatorTests.swift; sourceTree = "<group>"; };
		0D8A3CCA29E3F3A100F4E937 /* RouterTests.swift */ = {isa = PBXFileReference; lastKnownFileType = sourcecode.swift; path = RouterTests.swift; sourceTree = "<group>"; };
		F9311C7D26270EC600D9F82D /* FolderListViewModel.swift */ = {isa = PBXFileReference; lastKnownFileType = sourcecode.swift; path = FolderListViewModel.swift; sourceTree = "<group>"; };
		F9311C8126271A2900D9F82D /* Database.swift */ = {isa = PBXFileReference; lastKnownFileType = sourcecode.swift; path = Database.swift; sourceTree = "<group>"; };
		F96A80582628722600008BC9 /* FolderListCoordinator.swift */ = {isa = PBXFileReference; lastKnownFileType = sourcecode.swift; path = FolderListCoordinator.swift; sourceTree = "<group>"; };
		F96A805D26287E4700008BC9 /* NoteListCoordinator.swift */ = {isa = PBXFileReference; lastKnownFileType = sourcecode.swift; path = NoteListCoordinator.swift; sourceTree = "<group>"; };
		F96A806026287F2300008BC9 /* NoteListViewModel.swift */ = {isa = PBXFileReference; lastKnownFileType = sourcecode.swift; path = NoteListViewModel.swift; sourceTree = "<group>"; };
		F9ACD71D2625F97500D85000 /* Notes.app */ = {isa = PBXFileReference; explicitFileType = wrapper.application; includeInIndex = 0; path = Notes.app; sourceTree = BUILT_PRODUCTS_DIR; };
		F9ACD7202625F97500D85000 /* AppDelegate.swift */ = {isa = PBXFileReference; lastKnownFileType = sourcecode.swift; path = AppDelegate.swift; sourceTree = "<group>"; };
		F9ACD7222625F97500D85000 /* SceneDelegate.swift */ = {isa = PBXFileReference; lastKnownFileType = sourcecode.swift; path = SceneDelegate.swift; sourceTree = "<group>"; };
		F9ACD7272625F97500D85000 /* Base */ = {isa = PBXFileReference; lastKnownFileType = file.storyboard; name = Base; path = Base.lproj/Main.storyboard; sourceTree = "<group>"; };
		F9ACD72A2625F97500D85000 /* Notes.xcdatamodel */ = {isa = PBXFileReference; lastKnownFileType = wrapper.xcdatamodel; path = Notes.xcdatamodel; sourceTree = "<group>"; };
		F9ACD72C2625F97700D85000 /* Assets.xcassets */ = {isa = PBXFileReference; lastKnownFileType = folder.assetcatalog; path = Assets.xcassets; sourceTree = "<group>"; };
		F9ACD72F2625F97700D85000 /* Base */ = {isa = PBXFileReference; lastKnownFileType = file.storyboard; name = Base; path = Base.lproj/LaunchScreen.storyboard; sourceTree = "<group>"; };
		F9ACD7312625F97700D85000 /* Info.plist */ = {isa = PBXFileReference; lastKnownFileType = text.plist.xml; path = Info.plist; sourceTree = "<group>"; };
		F9ACD73D2625F9E500D85000 /* FolderViewCell.swift */ = {isa = PBXFileReference; lastKnownFileType = sourcecode.swift; path = FolderViewCell.swift; sourceTree = "<group>"; };
		F9ACD73E2625F9E500D85000 /* FolderViewCell.xib */ = {isa = PBXFileReference; lastKnownFileType = file.xib; path = FolderViewCell.xib; sourceTree = "<group>"; };
		F9ACD7472626018E00D85000 /* NoteViewCell.swift */ = {isa = PBXFileReference; lastKnownFileType = sourcecode.swift; path = NoteViewCell.swift; sourceTree = "<group>"; };
		F9ACD7482626018E00D85000 /* NoteViewCell.xib */ = {isa = PBXFileReference; lastKnownFileType = file.xib; path = NoteViewCell.xib; sourceTree = "<group>"; };
		F9ACD7622626D72500D85000 /* FolderListViewController.swift */ = {isa = PBXFileReference; lastKnownFileType = sourcecode.swift; path = FolderListViewController.swift; sourceTree = "<group>"; };
		F9B1CBEC26286C3B0087FBB3 /* AppCoordinator.swift */ = {isa = PBXFileReference; lastKnownFileType = sourcecode.swift; path = AppCoordinator.swift; sourceTree = "<group>"; };
		F9B96B58262881680042FE5B /* Extensions.swift */ = {isa = PBXFileReference; lastKnownFileType = sourcecode.swift; path = Extensions.swift; sourceTree = "<group>"; };
		F9B96B682629898D0042FE5B /* NoteDetailsCoordinator.swift */ = {isa = PBXFileReference; lastKnownFileType = sourcecode.swift; path = NoteDetailsCoordinator.swift; sourceTree = "<group>"; };
		F9B96B6B262989FC0042FE5B /* NoteDetailsViewModel.swift */ = {isa = PBXFileReference; lastKnownFileType = sourcecode.swift; path = NoteDetailsViewModel.swift; sourceTree = "<group>"; };
		F9B96B97262CA10A0042FE5B /* Router.swift */ = {isa = PBXFileReference; lastKnownFileType = sourcecode.swift; path = Router.swift; sourceTree = "<group>"; };
		F9F91E212626EA1700429C64 /* NoteListViewController.swift */ = {isa = PBXFileReference; lastKnownFileType = sourcecode.swift; path = NoteListViewController.swift; sourceTree = "<group>"; };
		F9F91E242626EF6D00429C64 /* NoteDetailsViewController.swift */ = {isa = PBXFileReference; lastKnownFileType = sourcecode.swift; path = NoteDetailsViewController.swift; sourceTree = "<group>"; };
		F9F91E282626F4AA00429C64 /* Folder+CoreDataClass.swift */ = {isa = PBXFileReference; lastKnownFileType = sourcecode.swift; path = "Folder+CoreDataClass.swift"; sourceTree = "<group>"; };
		F9F91E292626F4AA00429C64 /* Folder+CoreDataProperties.swift */ = {isa = PBXFileReference; lastKnownFileType = sourcecode.swift; path = "Folder+CoreDataProperties.swift"; sourceTree = "<group>"; };
		F9F91E2A2626F4AA00429C64 /* Note+CoreDataClass.swift */ = {isa = PBXFileReference; lastKnownFileType = sourcecode.swift; path = "Note+CoreDataClass.swift"; sourceTree = "<group>"; };
		F9F91E2B2626F4AA00429C64 /* Note+CoreDataProperties.swift */ = {isa = PBXFileReference; lastKnownFileType = sourcecode.swift; path = "Note+CoreDataProperties.swift"; sourceTree = "<group>"; };
/* End PBXFileReference section */

/* Begin PBXFrameworksBuildPhase section */
		0D8A3C9D29E1A0E300F4E937 /* Frameworks */ = {
			isa = PBXFrameworksBuildPhase;
			buildActionMask = 2147483647;
			files = (
			);
			runOnlyForDeploymentPostprocessing = 0;
		};
		F9ACD71A2625F97500D85000 /* Frameworks */ = {
			isa = PBXFrameworksBuildPhase;
			buildActionMask = 2147483647;
			files = (
			);
			runOnlyForDeploymentPostprocessing = 0;
		};
/* End PBXFrameworksBuildPhase section */

/* Begin PBXGroup section */
		0D8A3CA129E1A0E300F4E937 /* NotesTests */ = {
			isa = PBXGroup;
			children = (
				0D8A3CAB29E1A25F00F4E937 /* Mocks and Stubs */,
				0D8A3CA229E1A0E300F4E937 /* FolderListViewModelTests.swift */,
				0D8A3CBC29E3084E00F4E937 /* NoteListViewModelTests.swift */,
				0D8A3CC229E30DED00F4E937 /* NoteDetailsViewModelTests.swift */,
				0D8A3CC429E3E65300F4E937 /* FolderListCoordinatorTests.swift */,
				0D8A3CC829E3EFC100F4E937 /* NoteListCoordinatorTests.swift */,
				0D8A3CCA29E3F3A100F4E937 /* RouterTests.swift */,
			);
			path = NotesTests;
			sourceTree = "<group>";
		};
		0D8A3CAB29E1A25F00F4E937 /* Mocks and Stubs */ = {
			isa = PBXGroup;
			children = (
				0D8A3CAE29E1A5E200F4E937 /* DataBaseMock.swift */,
				0D8A3CBA29E3050C00F4E937 /* FolderDataSourceMock.swift */,
				0D8A3CA929E1A25800F4E937 /* FolderListCoordinatorMock.swift */,
				0D8A3CB029E1AA5A00F4E937 /* FolderStub.swift */,
				0D8A3CC029E30B8E00F4E937 /* NoteStub.swift */,
				0D8A3CBE29E308FD00F4E937 /* NoteListCoordinatorMock.swift */,
				0D8A3CC629E3E72300F4E937 /* RouterMock.swift */,
			);
			path = "Mocks and Stubs";
			sourceTree = "<group>";
		};
		0D8A3CB629E2F01400F4E937 /* Folder */ = {
			isa = PBXGroup;
			children = (
				F9F91E282626F4AA00429C64 /* Folder+CoreDataClass.swift */,
				F9F91E292626F4AA00429C64 /* Folder+CoreDataProperties.swift */,
				0D8A3CB229E1B40400F4E937 /* FolderDataSource.swift */,
			);
			path = Folder;
			sourceTree = "<group>";
		};
		0D8A3CB729E2F02100F4E937 /* Note */ = {
			isa = PBXGroup;
			children = (
				F9F91E2A2626F4AA00429C64 /* Note+CoreDataClass.swift */,
				F9F91E2B2626F4AA00429C64 /* Note+CoreDataProperties.swift */,
				0D8A3CB829E2F25200F4E937 /* NoteDataSource.swift */,
			);
			path = Note;
			sourceTree = "<group>";
		};
		937C8D2826DE269200E4C77A /* Application */ = {
			isa = PBXGroup;
			children = (
				F9B1CBEC26286C3B0087FBB3 /* AppCoordinator.swift */,
			);
			path = Application;
			sourceTree = "<group>";
		};
		937C8D2926DE269900E4C77A /* FolderList */ = {
			isa = PBXGroup;
			children = (
				937C8D2D26DE26E900E4C77A /* Views */,
				F9311C7D26270EC600D9F82D /* FolderListViewModel.swift */,
				F9ACD7622626D72500D85000 /* FolderListViewController.swift */,
				F96A80582628722600008BC9 /* FolderListCoordinator.swift */,
			);
			path = FolderList;
			sourceTree = "<group>";
		};
		937C8D2A26DE26A300E4C77A /* NoteList */ = {
			isa = PBXGroup;
			children = (
				937C8D2C26DE26E500E4C77A /* Views */,
				F9F91E212626EA1700429C64 /* NoteListViewController.swift */,
				F96A806026287F2300008BC9 /* NoteListViewModel.swift */,
				F96A805D26287E4700008BC9 /* NoteListCoordinator.swift */,
			);
			path = NoteList;
			sourceTree = "<group>";
		};
		937C8D2B26DE26A800E4C77A /* NoteDetails */ = {
			isa = PBXGroup;
			children = (
				F9F91E242626EF6D00429C64 /* NoteDetailsViewController.swift */,
				F9B96B6B262989FC0042FE5B /* NoteDetailsViewModel.swift */,
				F9B96B682629898D0042FE5B /* NoteDetailsCoordinator.swift */,
			);
			path = NoteDetails;
			sourceTree = "<group>";
		};
		937C8D2C26DE26E500E4C77A /* Views */ = {
			isa = PBXGroup;
			children = (
				F9ACD7472626018E00D85000 /* NoteViewCell.swift */,
				F9ACD7482626018E00D85000 /* NoteViewCell.xib */,
			);
			path = Views;
			sourceTree = "<group>";
		};
		937C8D2D26DE26E900E4C77A /* Views */ = {
			isa = PBXGroup;
			children = (
				F9ACD73D2625F9E500D85000 /* FolderViewCell.swift */,
				F9ACD73E2625F9E500D85000 /* FolderViewCell.xib */,
			);
			path = Views;
			sourceTree = "<group>";
		};
		F9ACD7142625F97500D85000 = {
			isa = PBXGroup;
			children = (
				F9ACD71F2625F97500D85000 /* Notes */,
				0D8A3CA129E1A0E300F4E937 /* NotesTests */,
				F9ACD71E2625F97500D85000 /* Products */,
			);
			sourceTree = "<group>";
		};
		F9ACD71E2625F97500D85000 /* Products */ = {
			isa = PBXGroup;
			children = (
				F9ACD71D2625F97500D85000 /* Notes.app */,
				0D8A3CA029E1A0E300F4E937 /* NotesTests.xctest */,
			);
			name = Products;
			sourceTree = "<group>";
		};
		F9ACD71F2625F97500D85000 /* Notes */ = {
			isa = PBXGroup;
			children = (
				F9ACD7202625F97500D85000 /* AppDelegate.swift */,
				F9ACD7222625F97500D85000 /* SceneDelegate.swift */,
				F9B96B9E262CA41B0042FE5B /* Model */,
				F9B96B9C262CA4130042FE5B /* Router */,
				F9B96B5F262886260042FE5B /* Coordinators */,
				F9B96B652628867B0042FE5B /* Resources */,
			);
			path = Notes;
			sourceTree = "<group>";
		};
		F9B96B5F262886260042FE5B /* Coordinators */ = {
			isa = PBXGroup;
			children = (
				F9B96B58262881680042FE5B /* Extensions.swift */,
				F9ACD7262625F97500D85000 /* Main.storyboard */,
				937C8D2B26DE26A800E4C77A /* NoteDetails */,
				937C8D2A26DE26A300E4C77A /* NoteList */,
				937C8D2926DE269900E4C77A /* FolderList */,
				937C8D2826DE269200E4C77A /* Application */,
			);
			path = Coordinators;
			sourceTree = "<group>";
		};
		F9B96B652628867B0042FE5B /* Resources */ = {
			isa = PBXGroup;
			children = (
				F9ACD72C2625F97700D85000 /* Assets.xcassets */,
				F9ACD72E2625F97700D85000 /* LaunchScreen.storyboard */,
				F9ACD7312625F97700D85000 /* Info.plist */,
				F9ACD7292625F97500D85000 /* Notes.xcdatamodeld */,
			);
			path = Resources;
			sourceTree = "<group>";
		};
		F9B96B9C262CA4130042FE5B /* Router */ = {
			isa = PBXGroup;
			children = (
				F9B96B97262CA10A0042FE5B /* Router.swift */,
			);
			path = Router;
			sourceTree = "<group>";
		};
		F9B96B9E262CA41B0042FE5B /* Model */ = {
			isa = PBXGroup;
			children = (
				0D8A3CB629E2F01400F4E937 /* Folder */,
				0D8A3CB729E2F02100F4E937 /* Note */,
				F9311C8126271A2900D9F82D /* Database.swift */,
				0D8A3CB429E2EFDE00F4E937 /* DataSource.swift */,
				0D8A3CAC29E1A2E800F4E937 /* Object+CoreData.swift */,
			);
			path = Model;
			sourceTree = "<group>";
		};
/* End PBXGroup section */

/* Begin PBXNativeTarget section */
		0D8A3C9F29E1A0E300F4E937 /* NotesTests */ = {
			isa = PBXNativeTarget;
			buildConfigurationList = 0D8A3CA829E1A0E300F4E937 /* Build configuration list for PBXNativeTarget "NotesTests" */;
			buildPhases = (
				0D8A3C9C29E1A0E300F4E937 /* Sources */,
				0D8A3C9D29E1A0E300F4E937 /* Frameworks */,
				0D8A3C9E29E1A0E300F4E937 /* Resources */,
			);
			buildRules = (
			);
			dependencies = (
				0D8A3CA529E1A0E300F4E937 /* PBXTargetDependency */,
			);
			name = NotesTests;
			productName = NotesTests;
			productReference = 0D8A3CA029E1A0E300F4E937 /* NotesTests.xctest */;
			productType = "com.apple.product-type.bundle.unit-test";
		};
		F9ACD71C2625F97500D85000 /* Notes */ = {
			isa = PBXNativeTarget;
			buildConfigurationList = F9ACD7342625F97700D85000 /* Build configuration list for PBXNativeTarget "Notes" */;
			buildPhases = (
				F9ACD7192625F97500D85000 /* Sources */,
				F9ACD71A2625F97500D85000 /* Frameworks */,
				F9ACD71B2625F97500D85000 /* Resources */,
			);
			buildRules = (
			);
			dependencies = (
			);
			name = Notes;
			productName = Notes;
			productReference = F9ACD71D2625F97500D85000 /* Notes.app */;
			productType = "com.apple.product-type.application";
		};
/* End PBXNativeTarget section */

/* Begin PBXProject section */
		F9ACD7152625F97500D85000 /* Project object */ = {
			isa = PBXProject;
			attributes = {
				LastSwiftUpdateCheck = 1420;
				LastUpgradeCheck = 1240;
				TargetAttributes = {
					0D8A3C9F29E1A0E300F4E937 = {
						CreatedOnToolsVersion = 14.2;
						TestTargetID = F9ACD71C2625F97500D85000;
					};
					F9ACD71C2625F97500D85000 = {
						CreatedOnToolsVersion = 12.4;
					};
				};
			};
			buildConfigurationList = F9ACD7182625F97500D85000 /* Build configuration list for PBXProject "Notes" */;
			compatibilityVersion = "Xcode 9.3";
			developmentRegion = en;
			hasScannedForEncodings = 0;
			knownRegions = (
				en,
				Base,
			);
			mainGroup = F9ACD7142625F97500D85000;
			productRefGroup = F9ACD71E2625F97500D85000 /* Products */;
			projectDirPath = "";
			projectRoot = "";
			targets = (
				F9ACD71C2625F97500D85000 /* Notes */,
				0D8A3C9F29E1A0E300F4E937 /* NotesTests */,
			);
		};
/* End PBXProject section */

/* Begin PBXResourcesBuildPhase section */
		0D8A3C9E29E1A0E300F4E937 /* Resources */ = {
			isa = PBXResourcesBuildPhase;
			buildActionMask = 2147483647;
			files = (
			);
			runOnlyForDeploymentPostprocessing = 0;
		};
		F9ACD71B2625F97500D85000 /* Resources */ = {
			isa = PBXResourcesBuildPhase;
			buildActionMask = 2147483647;
			files = (
				F9ACD7302625F97700D85000 /* LaunchScreen.storyboard in Resources */,
				F9ACD7402625F9E500D85000 /* FolderViewCell.xib in Resources */,
				F9ACD72D2625F97700D85000 /* Assets.xcassets in Resources */,
				F9ACD7282625F97500D85000 /* Main.storyboard in Resources */,
				F9ACD74A2626018E00D85000 /* NoteViewCell.xib in Resources */,
			);
			runOnlyForDeploymentPostprocessing = 0;
		};
/* End PBXResourcesBuildPhase section */

/* Begin PBXSourcesBuildPhase section */
		0D8A3C9C29E1A0E300F4E937 /* Sources */ = {
			isa = PBXSourcesBuildPhase;
			buildActionMask = 2147483647;
			files = (
				0D8A3CC329E30DED00F4E937 /* NoteDetailsViewModelTests.swift in Sources */,
				0D8A3CBF29E308FD00F4E937 /* NoteListCoordinatorMock.swift in Sources */,
				0D8A3CC729E3E72300F4E937 /* RouterMock.swift in Sources */,
				0D8A3CC529E3E65300F4E937 /* FolderListCoordinatorTests.swift in Sources */,
				0D8A3CAA29E1A25800F4E937 /* FolderListCoordinatorMock.swift in Sources */,
				0D8A3CB129E1AA5A00F4E937 /* FolderStub.swift in Sources */,
				0D8A3CBD29E3084E00F4E937 /* NoteListViewModelTests.swift in Sources */,
				0D8A3CBB29E3050C00F4E937 /* FolderDataSourceMock.swift in Sources */,
				0D8A3CC129E30B8E00F4E937 /* NoteStub.swift in Sources */,
				0D8A3CA329E1A0E300F4E937 /* FolderListViewModelTests.swift in Sources */,
				0D8A3CCB29E3F3A100F4E937 /* RouterTests.swift in Sources */,
				0D8A3CC929E3EFC100F4E937 /* NoteListCoordinatorTests.swift in Sources */,
				0D8A3CAF29E1A5E200F4E937 /* DataBaseMock.swift in Sources */,
			);
			runOnlyForDeploymentPostprocessing = 0;
		};
		F9ACD7192625F97500D85000 /* Sources */ = {
			isa = PBXSourcesBuildPhase;
			buildActionMask = 2147483647;
			files = (
				F9B96B98262CA10A0042FE5B /* Router.swift in Sources */,
				F96A806126287F2300008BC9 /* NoteListViewModel.swift in Sources */,
				F9F91E2C2626F4AA00429C64 /* Folder+CoreDataClass.swift in Sources */,
				F9B96B692629898D0042FE5B /* NoteDetailsCoordinator.swift in Sources */,
				F96A805E26287E4700008BC9 /* NoteListCoordinator.swift in Sources */,
				F9B96B59262881680042FE5B /* Extensions.swift in Sources */,
				0D8A3CB329E1B40400F4E937 /* FolderDataSource.swift in Sources */,
				0D8A3CAD29E1A2E800F4E937 /* Object+CoreData.swift in Sources */,
				F9ACD7212625F97500D85000 /* AppDelegate.swift in Sources */,
				F9ACD7232625F97500D85000 /* SceneDelegate.swift in Sources */,
				F9F91E252626EF6D00429C64 /* NoteDetailsViewController.swift in Sources */,
				F9ACD73F2625F9E500D85000 /* FolderViewCell.swift in Sources */,
				0D8A3CB929E2F25200F4E937 /* NoteDataSource.swift in Sources */,
				F9311C7E26270EC600D9F82D /* FolderListViewModel.swift in Sources */,
				F9F91E222626EA1700429C64 /* NoteListViewController.swift in Sources */,
				F9ACD7492626018E00D85000 /* NoteViewCell.swift in Sources */,
				F9F91E2F2626F4AA00429C64 /* Note+CoreDataProperties.swift in Sources */,
				F9B1CBED26286C3B0087FBB3 /* AppCoordinator.swift in Sources */,
				F9B96B6C262989FC0042FE5B /* NoteDetailsViewModel.swift in Sources */,
				F9ACD7632626D72500D85000 /* FolderListViewController.swift in Sources */,
				F96A80592628722600008BC9 /* FolderListCoordinator.swift in Sources */,
				F9F91E2E2626F4AA00429C64 /* Note+CoreDataClass.swift in Sources */,
				F9F91E2D2626F4AA00429C64 /* Folder+CoreDataProperties.swift in Sources */,
				F9311C8226271A2900D9F82D /* Database.swift in Sources */,
				0D8A3CB529E2EFDE00F4E937 /* DataSource.swift in Sources */,
				F9ACD72B2625F97500D85000 /* Notes.xcdatamodeld in Sources */,
			);
			runOnlyForDeploymentPostprocessing = 0;
		};
/* End PBXSourcesBuildPhase section */

/* Begin PBXTargetDependency section */
		0D8A3CA529E1A0E300F4E937 /* PBXTargetDependency */ = {
			isa = PBXTargetDependency;
			target = F9ACD71C2625F97500D85000 /* Notes */;
			targetProxy = 0D8A3CA429E1A0E300F4E937 /* PBXContainerItemProxy */;
		};
/* End PBXTargetDependency section */

/* Begin PBXVariantGroup section */
		F9ACD7262625F97500D85000 /* Main.storyboard */ = {
			isa = PBXVariantGroup;
			children = (
				F9ACD7272625F97500D85000 /* Base */,
			);
			name = Main.storyboard;
			sourceTree = "<group>";
		};
		F9ACD72E2625F97700D85000 /* LaunchScreen.storyboard */ = {
			isa = PBXVariantGroup;
			children = (
				F9ACD72F2625F97700D85000 /* Base */,
			);
			name = LaunchScreen.storyboard;
			sourceTree = "<group>";
		};
/* End PBXVariantGroup section */

/* Begin XCBuildConfiguration section */
		0D8A3CA629E1A0E300F4E937 /* Debug */ = {
			isa = XCBuildConfiguration;
			buildSettings = {
				BUNDLE_LOADER = "$(TEST_HOST)";
				CLANG_CXX_LANGUAGE_STANDARD = "gnu++20";
				CODE_SIGN_STYLE = Automatic;
				CURRENT_PROJECT_VERSION = 1;
				DEVELOPMENT_TEAM = 3P9KGAPYFK;
				GENERATE_INFOPLIST_FILE = YES;
				IPHONEOS_DEPLOYMENT_TARGET = 16.2;
				MARKETING_VERSION = 1.0;
				PRODUCT_BUNDLE_IDENTIFIER = com.alexPermiakov.NotesTests;
				PRODUCT_NAME = "$(TARGET_NAME)";
				SWIFT_EMIT_LOC_STRINGS = NO;
				SWIFT_VERSION = 5.0;
				TARGETED_DEVICE_FAMILY = "1,2";
				TEST_HOST = "$(BUILT_PRODUCTS_DIR)/Notes.app/$(BUNDLE_EXECUTABLE_FOLDER_PATH)/Notes";
			};
			name = Debug;
		};
		0D8A3CA729E1A0E300F4E937 /* Release */ = {
			isa = XCBuildConfiguration;
			buildSettings = {
				BUNDLE_LOADER = "$(TEST_HOST)";
				CLANG_CXX_LANGUAGE_STANDARD = "gnu++20";
				CODE_SIGN_STYLE = Automatic;
				CURRENT_PROJECT_VERSION = 1;
				DEVELOPMENT_TEAM = 3P9KGAPYFK;
				GENERATE_INFOPLIST_FILE = YES;
				IPHONEOS_DEPLOYMENT_TARGET = 16.2;
				MARKETING_VERSION = 1.0;
				PRODUCT_BUNDLE_IDENTIFIER = com.alexPermiakov.NotesTests;
				PRODUCT_NAME = "$(TARGET_NAME)";
				SWIFT_EMIT_LOC_STRINGS = NO;
				SWIFT_VERSION = 5.0;
				TARGETED_DEVICE_FAMILY = "1,2";
				TEST_HOST = "$(BUILT_PRODUCTS_DIR)/Notes.app/$(BUNDLE_EXECUTABLE_FOLDER_PATH)/Notes";
			};
			name = Release;
		};
		F9ACD7322625F97700D85000 /* Debug */ = {
			isa = XCBuildConfiguration;
			buildSettings = {
				ALWAYS_SEARCH_USER_PATHS = NO;
				CLANG_ANALYZER_NONNULL = YES;
				CLANG_ANALYZER_NUMBER_OBJECT_CONVERSION = YES_AGGRESSIVE;
				CLANG_CXX_LANGUAGE_STANDARD = "gnu++14";
				CLANG_CXX_LIBRARY = "libc++";
				CLANG_ENABLE_MODULES = YES;
				CLANG_ENABLE_OBJC_ARC = YES;
				CLANG_ENABLE_OBJC_WEAK = YES;
				CLANG_WARN_BLOCK_CAPTURE_AUTORELEASING = YES;
				CLANG_WARN_BOOL_CONVERSION = YES;
				CLANG_WARN_COMMA = YES;
				CLANG_WARN_CONSTANT_CONVERSION = YES;
				CLANG_WARN_DEPRECATED_OBJC_IMPLEMENTATIONS = YES;
				CLANG_WARN_DIRECT_OBJC_ISA_USAGE = YES_ERROR;
				CLANG_WARN_DOCUMENTATION_COMMENTS = YES;
				CLANG_WARN_EMPTY_BODY = YES;
				CLANG_WARN_ENUM_CONVERSION = YES;
				CLANG_WARN_INFINITE_RECURSION = YES;
				CLANG_WARN_INT_CONVERSION = YES;
				CLANG_WARN_NON_LITERAL_NULL_CONVERSION = YES;
				CLANG_WARN_OBJC_IMPLICIT_RETAIN_SELF = YES;
				CLANG_WARN_OBJC_LITERAL_CONVERSION = YES;
				CLANG_WARN_OBJC_ROOT_CLASS = YES_ERROR;
				CLANG_WARN_QUOTED_INCLUDE_IN_FRAMEWORK_HEADER = YES;
				CLANG_WARN_RANGE_LOOP_ANALYSIS = YES;
				CLANG_WARN_STRICT_PROTOTYPES = YES;
				CLANG_WARN_SUSPICIOUS_MOVE = YES;
				CLANG_WARN_UNGUARDED_AVAILABILITY = YES_AGGRESSIVE;
				CLANG_WARN_UNREACHABLE_CODE = YES;
				CLANG_WARN__DUPLICATE_METHOD_MATCH = YES;
				COPY_PHASE_STRIP = NO;
				DEBUG_INFORMATION_FORMAT = dwarf;
				ENABLE_STRICT_OBJC_MSGSEND = YES;
				ENABLE_TESTABILITY = YES;
				GCC_C_LANGUAGE_STANDARD = gnu11;
				GCC_DYNAMIC_NO_PIC = NO;
				GCC_NO_COMMON_BLOCKS = YES;
				GCC_OPTIMIZATION_LEVEL = 0;
				GCC_PREPROCESSOR_DEFINITIONS = (
					"DEBUG=1",
					"$(inherited)",
				);
				GCC_WARN_64_TO_32_BIT_CONVERSION = YES;
				GCC_WARN_ABOUT_RETURN_TYPE = YES_ERROR;
				GCC_WARN_UNDECLARED_SELECTOR = YES;
				GCC_WARN_UNINITIALIZED_AUTOS = YES_AGGRESSIVE;
				GCC_WARN_UNUSED_FUNCTION = YES;
				GCC_WARN_UNUSED_VARIABLE = YES;
				IPHONEOS_DEPLOYMENT_TARGET = 14.4;
				MTL_ENABLE_DEBUG_INFO = INCLUDE_SOURCE;
				MTL_FAST_MATH = YES;
				ONLY_ACTIVE_ARCH = YES;
				SDKROOT = iphoneos;
				SWIFT_ACTIVE_COMPILATION_CONDITIONS = DEBUG;
				SWIFT_OPTIMIZATION_LEVEL = "-Onone";
			};
			name = Debug;
		};
		F9ACD7332625F97700D85000 /* Release */ = {
			isa = XCBuildConfiguration;
			buildSettings = {
				ALWAYS_SEARCH_USER_PATHS = NO;
				CLANG_ANALYZER_NONNULL = YES;
				CLANG_ANALYZER_NUMBER_OBJECT_CONVERSION = YES_AGGRESSIVE;
				CLANG_CXX_LANGUAGE_STANDARD = "gnu++14";
				CLANG_CXX_LIBRARY = "libc++";
				CLANG_ENABLE_MODULES = YES;
				CLANG_ENABLE_OBJC_ARC = YES;
				CLANG_ENABLE_OBJC_WEAK = YES;
				CLANG_WARN_BLOCK_CAPTURE_AUTORELEASING = YES;
				CLANG_WARN_BOOL_CONVERSION = YES;
				CLANG_WARN_COMMA = YES;
				CLANG_WARN_CONSTANT_CONVERSION = YES;
				CLANG_WARN_DEPRECATED_OBJC_IMPLEMENTATIONS = YES;
				CLANG_WARN_DIRECT_OBJC_ISA_USAGE = YES_ERROR;
				CLANG_WARN_DOCUMENTATION_COMMENTS = YES;
				CLANG_WARN_EMPTY_BODY = YES;
				CLANG_WARN_ENUM_CONVERSION = YES;
				CLANG_WARN_INFINITE_RECURSION = YES;
				CLANG_WARN_INT_CONVERSION = YES;
				CLANG_WARN_NON_LITERAL_NULL_CONVERSION = YES;
				CLANG_WARN_OBJC_IMPLICIT_RETAIN_SELF = YES;
				CLANG_WARN_OBJC_LITERAL_CONVERSION = YES;
				CLANG_WARN_OBJC_ROOT_CLASS = YES_ERROR;
				CLANG_WARN_QUOTED_INCLUDE_IN_FRAMEWORK_HEADER = YES;
				CLANG_WARN_RANGE_LOOP_ANALYSIS = YES;
				CLANG_WARN_STRICT_PROTOTYPES = YES;
				CLANG_WARN_SUSPICIOUS_MOVE = YES;
				CLANG_WARN_UNGUARDED_AVAILABILITY = YES_AGGRESSIVE;
				CLANG_WARN_UNREACHABLE_CODE = YES;
				CLANG_WARN__DUPLICATE_METHOD_MATCH = YES;
				COPY_PHASE_STRIP = NO;
				DEBUG_INFORMATION_FORMAT = "dwarf-with-dsym";
				ENABLE_NS_ASSERTIONS = NO;
				ENABLE_STRICT_OBJC_MSGSEND = YES;
				GCC_C_LANGUAGE_STANDARD = gnu11;
				GCC_NO_COMMON_BLOCKS = YES;
				GCC_WARN_64_TO_32_BIT_CONVERSION = YES;
				GCC_WARN_ABOUT_RETURN_TYPE = YES_ERROR;
				GCC_WARN_UNDECLARED_SELECTOR = YES;
				GCC_WARN_UNINITIALIZED_AUTOS = YES_AGGRESSIVE;
				GCC_WARN_UNUSED_FUNCTION = YES;
				GCC_WARN_UNUSED_VARIABLE = YES;
				IPHONEOS_DEPLOYMENT_TARGET = 14.4;
				MTL_ENABLE_DEBUG_INFO = NO;
				MTL_FAST_MATH = YES;
				SDKROOT = iphoneos;
				SWIFT_COMPILATION_MODE = wholemodule;
				SWIFT_OPTIMIZATION_LEVEL = "-O";
				VALIDATE_PRODUCT = YES;
			};
			name = Release;
		};
		F9ACD7352625F97700D85000 /* Debug */ = {
			isa = XCBuildConfiguration;
			buildSettings = {
				ASSETCATALOG_COMPILER_APPICON_NAME = AppIcon;
				ASSETCATALOG_COMPILER_GLOBAL_ACCENT_COLOR_NAME = AccentColor;
				CODE_SIGN_STYLE = Automatic;
				INFOPLIST_FILE = Notes/Resources/Info.plist;
				IPHONEOS_DEPLOYMENT_TARGET = 14.0;
				LD_RUNPATH_SEARCH_PATHS = (
					"$(inherited)",
					"@executable_path/Frameworks",
				);
				PRODUCT_BUNDLE_IDENTIFIER = com.oleksii.tsoniev.notes;
				PRODUCT_NAME = "$(TARGET_NAME)";
				SWIFT_VERSION = 5.0;
				TARGETED_DEVICE_FAMILY = "1,2";
			};
			name = Debug;
		};
		F9ACD7362625F97700D85000 /* Release */ = {
			isa = XCBuildConfiguration;
			buildSettings = {
				ASSETCATALOG_COMPILER_APPICON_NAME = AppIcon;
				ASSETCATALOG_COMPILER_GLOBAL_ACCENT_COLOR_NAME = AccentColor;
				CODE_SIGN_STYLE = Automatic;
				INFOPLIST_FILE = Notes/Resources/Info.plist;
				IPHONEOS_DEPLOYMENT_TARGET = 14.0;
				LD_RUNPATH_SEARCH_PATHS = (
					"$(inherited)",
					"@executable_path/Frameworks",
				);
				PRODUCT_BUNDLE_IDENTIFIER = com.oleksii.tsoniev.notes;
				PRODUCT_NAME = "$(TARGET_NAME)";
				SWIFT_VERSION = 5.0;
				TARGETED_DEVICE_FAMILY = "1,2";
			};
			name = Release;
		};
/* End XCBuildConfiguration section */

/* Begin XCConfigurationList section */
		0D8A3CA829E1A0E300F4E937 /* Build configuration list for PBXNativeTarget "NotesTests" */ = {
			isa = XCConfigurationList;
			buildConfigurations = (
				0D8A3CA629E1A0E300F4E937 /* Debug */,
				0D8A3CA729E1A0E300F4E937 /* Release */,
			);
			defaultConfigurationIsVisible = 0;
			defaultConfigurationName = Release;
		};
		F9ACD7182625F97500D85000 /* Build configuration list for PBXProject "Notes" */ = {
			isa = XCConfigurationList;
			buildConfigurations = (
				F9ACD7322625F97700D85000 /* Debug */,
				F9ACD7332625F97700D85000 /* Release */,
			);
			defaultConfigurationIsVisible = 0;
			defaultConfigurationName = Release;
		};
		F9ACD7342625F97700D85000 /* Build configuration list for PBXNativeTarget "Notes" */ = {
			isa = XCConfigurationList;
			buildConfigurations = (
				F9ACD7352625F97700D85000 /* Debug */,
				F9ACD7362625F97700D85000 /* Release */,
			);
			defaultConfigurationIsVisible = 0;
			defaultConfigurationName = Release;
		};
/* End XCConfigurationList section */

/* Begin XCVersionGroup section */
		F9ACD7292625F97500D85000 /* Notes.xcdatamodeld */ = {
			isa = XCVersionGroup;
			children = (
				F9ACD72A2625F97500D85000 /* Notes.xcdatamodel */,
			);
			currentVersion = F9ACD72A2625F97500D85000 /* Notes.xcdatamodel */;
			path = Notes.xcdatamodeld;
			sourceTree = "<group>";
			versionGroupType = wrapper.xcdatamodel;
		};
/* End XCVersionGroup section */
	};
	rootObject = F9ACD7152625F97500D85000 /* Project object */;
}
